
Microsoft Visual Studio Solution File, Format Version 12.00
# Visual Studio Version 17
VisualStudioVersion = 17.8.34322.80
MinimumVisualStudioVersion = 10.0.40219.1
Project("{FAE04EC0-301F-11D3-BF4B-00C04F79EFBC}") = "DevFreela.API", "DevFreela.API\DevFreela.API.csproj", "{B2DAB9BC-18B5-4C4E-9060-C7D7A7887D68}"
EndProject
Global
	GlobalSection(SolutionConfigurationPlatforms) = preSolution
		Debug|Any CPU = Debug|Any CPU
		Release|Any CPU = Release|Any CPU
	EndGlobalSection
	GlobalSection(ProjectConfigurationPlatforms) = postSolution
		{B2DAB9BC-18B5-4C4E-9060-C7D7A7887D68}.Debug|Any CPU.ActiveCfg = Debug|Any CPU
		{B2DAB9BC-18B5-4C4E-9060-C7D7A7887D68}.Debug|Any CPU.Build.0 = Debug|Any CPU
		{B2DAB9BC-18B5-4C4E-9060-C7D7A7887D68}.Release|Any CPU.ActiveCfg = Release|Any CPU
		{B2DAB9BC-18B5-4C4E-9060-C7D7A7887D68}.Release|Any CPU.Build.0 = Release|Any CPU
	EndGlobalSection
	GlobalSection(SolutionProperties) = preSolution
		HideSolutionNode = FALSE
	EndGlobalSection
	GlobalSection(ExtensibilityGlobals) = postSolution
		SolutionGuid = {FEF12266-F2C6-4872-A937-6C161F5646DD}
	EndGlobalSection
EndGlobal
